{
    "packages": [],
    "packages-dev": [],
    "platform": {
        "php": "8.0.0"
    },
    "content-hash": "e0e5c5ec0372b84b7283fba1dff9c039",
    "hash": "7f12f46a0b6b154cc915a83f27dc7f9d",
    "metadata": {
        "composer": {
            "json-schema-version": "2.0.0",
            "composer-version": "2.2.24"
        }
    },
    "lockfile-version": 2
}
